
Microsoft Visual Studio Solution File, Format Version 12.00
# Visual Studio 14
VisualStudioVersion = 14.0.24720.0
MinimumVisualStudioVersion = 10.0.40219.1
Project("{FAE04EC0-301F-11D3-BF4B-00C04F79EFBC}") = "MarketplaceParser", "Marketplace\MarketplaceParser.csproj", "{D4D8FD23-1486-48A7-B810-65407B580A0F}"
EndProject
Project("{FAE04EC0-301F-11D3-BF4B-00C04F79EFBC}") = "MarketplaceForm", "MarketplaceForm\MarketplaceForm.csproj", "{6845EA1B-0A0D-4189-A0CF-26FB538FA5CD}"
EndProject
Project("{FAE04EC0-301F-11D3-BF4B-00C04F79EFBC}") = "MarketplaceDB", "MarketplaceDB\MarketplaceDB.csproj", "{6F7C6C79-AB23-4244-8487-D572E4BAFD25}"
EndProject
Global
	GlobalSection(SolutionConfigurationPlatforms) = preSolution
		Debug|Any CPU = Debug|Any CPU
		Release|Any CPU = Release|Any CPU
	EndGlobalSection
	GlobalSection(ProjectConfigurationPlatforms) = postSolution
		{D4D8FD23-1486-48A7-B810-65407B580A0F}.Debug|Any CPU.ActiveCfg = Debug|Any CPU
		{D4D8FD23-1486-48A7-B810-65407B580A0F}.Debug|Any CPU.Build.0 = Debug|Any CPU
		{D4D8FD23-1486-48A7-B810-65407B580A0F}.Release|Any CPU.ActiveCfg = Release|Any CPU
		{D4D8FD23-1486-48A7-B810-65407B580A0F}.Release|Any CPU.Build.0 = Release|Any CPU
		{6845EA1B-0A0D-4189-A0CF-26FB538FA5CD}.Debug|Any CPU.ActiveCfg = Debug|Any CPU
		{6845EA1B-0A0D-4189-A0CF-26FB538FA5CD}.Debug|Any CPU.Build.0 = Debug|Any CPU
		{6845EA1B-0A0D-4189-A0CF-26FB538FA5CD}.Release|Any CPU.ActiveCfg = Release|Any CPU
		{6845EA1B-0A0D-4189-A0CF-26FB538FA5CD}.Release|Any CPU.Build.0 = Release|Any CPU
		{6F7C6C79-AB23-4244-8487-D572E4BAFD25}.Debug|Any CPU.ActiveCfg = Debug|Any CPU
		{6F7C6C79-AB23-4244-8487-D572E4BAFD25}.Debug|Any CPU.Build.0 = Debug|Any CPU
		{6F7C6C79-AB23-4244-8487-D572E4BAFD25}.Release|Any CPU.ActiveCfg = Release|Any CPU
		{6F7C6C79-AB23-4244-8487-D572E4BAFD25}.Release|Any CPU.Build.0 = Release|Any CPU
	EndGlobalSection
	GlobalSection(SolutionProperties) = preSolution
		HideSolutionNode = FALSE
	EndGlobalSection
EndGlobal
